
Microsoft Visual Studio Solution File, Format Version 12.00
# Visual Studio Version 16
VisualStudioVersion = 16.0.29418.71
MinimumVisualStudioVersion = 10.0.40219.1
Project("{8BC9CEB8-8B4A-11D0-8D11-00A0C91BC942}") = "RankQuery", "RankQuery\RankQuery.vcxproj", "{12B87DB8-8132-4EE9-9FBA-7EA43CE7F88E}"
EndProject
Global
	GlobalSection(SolutionConfigurationPlatforms) = preSolution
		Debug|x64 = Debug|x64
		Debug|x86 = Debug|x86
		Release|x64 = Release|x64
		Release|x86 = Release|x86
	EndGlobalSection
	GlobalSection(ProjectConfigurationPlatforms) = postSolution
		{12B87DB8-8132-4EE9-9FBA-7EA43CE7F88E}.Debug|x64.ActiveCfg = Debug|x64
		{12B87DB8-8132-4EE9-9FBA-7EA43CE7F88E}.Debug|x64.Build.0 = Debug|x64
		{12B87DB8-8132-4EE9-9FBA-7EA43CE7F88E}.Debug|x86.ActiveCfg = Debug|Win32
		{12B87DB8-8132-4EE9-9FBA-7EA43CE7F88E}.Debug|x86.Build.0 = Debug|Win32
		{12B87DB8-8132-4EE9-9FBA-7EA43CE7F88E}.Release|x64.ActiveCfg = Release|x64
		{12B87DB8-8132-4EE9-9FBA-7EA43CE7F88E}.Release|x64.Build.0 = Release|x64
		{12B87DB8-8132-4EE9-9FBA-7EA43CE7F88E}.Release|x86.ActiveCfg = Release|Win32
		{12B87DB8-8132-4EE9-9FBA-7EA43CE7F88E}.Release|x86.Build.0 = Release|Win32
	EndGlobalSection
	GlobalSection(SolutionProperties) = preSolution
		HideSolutionNode = FALSE
	EndGlobalSection
	GlobalSection(ExtensibilityGlobals) = postSolution
		SolutionGuid = {67A76933-8389-4E97-9D62-EBB867A3C9DC}
	EndGlobalSection
EndGlobal
